
Microsoft Visual Studio Solution File, Format Version 12.00
# Visual Studio Version 17
VisualStudioVersion = 17.1.32210.238
MinimumVisualStudioVersion = 10.0.40219.1
Project("{FAE04EC0-301F-11D3-BF4B-00C04F79EFBC}") = "LoggingHttp", "LoggingHttp\LoggingHttp.csproj", "{CF65EC69-7D71-4948-B1B1-DB61220C5C30}"
EndProject
Project("{FAE04EC0-301F-11D3-BF4B-00C04F79EFBC}") = "HttpLogging", "HttpLogging\HttpLogging.csproj", "{FF13513A-C00E-4895-BEEE-A5451BCC29E2}"
EndProject
Global
	GlobalSection(SolutionConfigurationPlatforms) = preSolution
		Debug|Any CPU = Debug|Any CPU
		Release|Any CPU = Release|Any CPU
	EndGlobalSection
	GlobalSection(ProjectConfigurationPlatforms) = postSolution
		{CF65EC69-7D71-4948-B1B1-DB61220C5C30}.Debug|Any CPU.ActiveCfg = Debug|Any CPU
		{CF65EC69-7D71-4948-B1B1-DB61220C5C30}.Debug|Any CPU.Build.0 = Debug|Any CPU
		{CF65EC69-7D71-4948-B1B1-DB61220C5C30}.Release|Any CPU.ActiveCfg = Release|Any CPU
		{CF65EC69-7D71-4948-B1B1-DB61220C5C30}.Release|Any CPU.Build.0 = Release|Any CPU
		{FF13513A-C00E-4895-BEEE-A5451BCC29E2}.Debug|Any CPU.ActiveCfg = Debug|Any CPU
		{FF13513A-C00E-4895-BEEE-A5451BCC29E2}.Debug|Any CPU.Build.0 = Debug|Any CPU
		{FF13513A-C00E-4895-BEEE-A5451BCC29E2}.Release|Any CPU.ActiveCfg = Release|Any CPU
		{FF13513A-C00E-4895-BEEE-A5451BCC29E2}.Release|Any CPU.Build.0 = Release|Any CPU
	EndGlobalSection
	GlobalSection(SolutionProperties) = preSolution
		HideSolutionNode = FALSE
	EndGlobalSection
	GlobalSection(ExtensibilityGlobals) = postSolution
		SolutionGuid = {6C46E8E1-F657-4C31-8B74-38615538F996}
	EndGlobalSection
EndGlobal
